
Microsoft Visual Studio Solution File, Format Version 12.00
# Visual Studio Version 17
VisualStudioVersion = 17.1.32210.238
MinimumVisualStudioVersion = 10.0.40219.1
Project("{9A19103F-16F7-4668-BE54-9A1E7A4F7556}") = "Cab_Invoice_Generator", "Cab_Invoice_Generator\Cab_Invoice_Generator.csproj", "{249800EE-75E9-4B6D-AAE0-C308CDF94B69}"
EndProject
Project("{FAE04EC0-301F-11D3-BF4B-00C04F79EFBC}") = "TestProject", "TestProject\TestProject.csproj", "{B336547E-F43D-4F00-9CC6-7884F40A752E}"
EndProject
Global
	GlobalSection(SolutionConfigurationPlatforms) = preSolution
		Debug|Any CPU = Debug|Any CPU
		Release|Any CPU = Release|Any CPU
	EndGlobalSection
	GlobalSection(ProjectConfigurationPlatforms) = postSolution
		{249800EE-75E9-4B6D-AAE0-C308CDF94B69}.Debug|Any CPU.ActiveCfg = Debug|Any CPU
		{249800EE-75E9-4B6D-AAE0-C308CDF94B69}.Debug|Any CPU.Build.0 = Debug|Any CPU
		{249800EE-75E9-4B6D-AAE0-C308CDF94B69}.Release|Any CPU.ActiveCfg = Release|Any CPU
		{249800EE-75E9-4B6D-AAE0-C308CDF94B69}.Release|Any CPU.Build.0 = Release|Any CPU
		{B336547E-F43D-4F00-9CC6-7884F40A752E}.Debug|Any CPU.ActiveCfg = Debug|Any CPU
		{B336547E-F43D-4F00-9CC6-7884F40A752E}.Debug|Any CPU.Build.0 = Debug|Any CPU
		{B336547E-F43D-4F00-9CC6-7884F40A752E}.Release|Any CPU.ActiveCfg = Release|Any CPU
		{B336547E-F43D-4F00-9CC6-7884F40A752E}.Release|Any CPU.Build.0 = Release|Any CPU
	EndGlobalSection
	GlobalSection(SolutionProperties) = preSolution
		HideSolutionNode = FALSE
	EndGlobalSection
	GlobalSection(ExtensibilityGlobals) = postSolution
		SolutionGuid = {A51977A6-E164-47BE-B83C-D5266D3349C6}
	EndGlobalSection
EndGlobal
